
Microsoft Visual Studio Solution File, Format Version 12.00
# Visual Studio 2013
VisualStudioVersion = 12.0.31101.0
MinimumVisualStudioVersion = 10.0.40219.1
Project("{FAE04EC0-301F-11D3-BF4B-00C04F79EFBC}") = "SST", "SST\SST.csproj", "{B348BB59-E933-41AD-8ADF-E0DBFA3B8F07}"
	ProjectSection(ProjectDependencies) = postProject
		{9B9E7279-2036-4C51-8C1D-BEA1B329E629} = {9B9E7279-2036-4C51-8C1D-BEA1B329E629}
		{47D551DA-96ED-4EF6-96BF-4832059D4700} = {47D551DA-96ED-4EF6-96BF-4832059D4700}
	EndProjectSection
EndProject
Project("{FAE04EC0-301F-11D3-BF4B-00C04F79EFBC}") = "ParserDllGenerator", "ParserDllGenerator\ParserDllGenerator\ParserDllGenerator.csproj", "{9B9E7279-2036-4C51-8C1D-BEA1B329E629}"
EndProject
Project("{FAE04EC0-301F-11D3-BF4B-00C04F79EFBC}") = "IrcDotNet", "ExternalProjects\IrcDotNet\source\IrcDotNet\IrcDotNet.csproj", "{47D551DA-96ED-4EF6-96BF-4832059D4700}"
EndProject
Project("{2150E333-8FDC-42A3-9474-1A3956D46DE8}") = ".nuget", ".nuget", "{0243EA78-6957-4B6D-930F-D2396B95F58A}"
	ProjectSection(SolutionItems) = preProject
		.nuget\NuGet.Config = .nuget\NuGet.Config
		.nuget\NuGet.exe = .nuget\NuGet.exe
		.nuget\NuGet.targets = .nuget\NuGet.targets
	EndProjectSection
EndProject
Project("{2150E333-8FDC-42A3-9474-1A3956D46DE8}") = ".build", ".build", "{F061B991-0FF3-4AC4-9574-2D180AD9C8C7}"
	ProjectSection(SolutionItems) = preProject
		Build.proj = Build.proj
		.build\MSBuild.Community.Tasks.dll = .build\MSBuild.Community.Tasks.dll
		.build\MSBuild.Community.Tasks.targets = .build\MSBuild.Community.Tasks.targets
	EndProjectSection
EndProject
Global
	GlobalSection(SolutionConfigurationPlatforms) = preSolution
		Debug|Any CPU = Debug|Any CPU
		Debug|Mixed Platforms = Debug|Mixed Platforms
		Debug|x86 = Debug|x86
		Release|Any CPU = Release|Any CPU
		Release|Mixed Platforms = Release|Mixed Platforms
		Release|x86 = Release|x86
	EndGlobalSection
	GlobalSection(ProjectConfigurationPlatforms) = postSolution
		{B348BB59-E933-41AD-8ADF-E0DBFA3B8F07}.Debug|Any CPU.ActiveCfg = Debug|Any CPU
		{B348BB59-E933-41AD-8ADF-E0DBFA3B8F07}.Debug|Any CPU.Build.0 = Debug|Any CPU
		{B348BB59-E933-41AD-8ADF-E0DBFA3B8F07}.Debug|Mixed Platforms.ActiveCfg = Release|Any CPU
		{B348BB59-E933-41AD-8ADF-E0DBFA3B8F07}.Debug|Mixed Platforms.Build.0 = Release|Any CPU
		{B348BB59-E933-41AD-8ADF-E0DBFA3B8F07}.Debug|x86.ActiveCfg = Debug|Any CPU
		{B348BB59-E933-41AD-8ADF-E0DBFA3B8F07}.Release|Any CPU.ActiveCfg = Release|Any CPU
		{B348BB59-E933-41AD-8ADF-E0DBFA3B8F07}.Release|Any CPU.Build.0 = Release|Any CPU
		{B348BB59-E933-41AD-8ADF-E0DBFA3B8F07}.Release|Mixed Platforms.ActiveCfg = Release|Any CPU
		{B348BB59-E933-41AD-8ADF-E0DBFA3B8F07}.Release|Mixed Platforms.Build.0 = Release|Any CPU
		{B348BB59-E933-41AD-8ADF-E0DBFA3B8F07}.Release|x86.ActiveCfg = Release|Any CPU
		{9B9E7279-2036-4C51-8C1D-BEA1B329E629}.Debug|Any CPU.ActiveCfg = Release|Any CPU
		{9B9E7279-2036-4C51-8C1D-BEA1B329E629}.Debug|Any CPU.Build.0 = Release|Any CPU
		{9B9E7279-2036-4C51-8C1D-BEA1B329E629}.Debug|Mixed Platforms.ActiveCfg = Release|Any CPU
		{9B9E7279-2036-4C51-8C1D-BEA1B329E629}.Debug|Mixed Platforms.Build.0 = Release|Any CPU
		{9B9E7279-2036-4C51-8C1D-BEA1B329E629}.Debug|x86.ActiveCfg = Debug|Any CPU
		{9B9E7279-2036-4C51-8C1D-BEA1B329E629}.Release|Any CPU.ActiveCfg = Release|Any CPU
		{9B9E7279-2036-4C51-8C1D-BEA1B329E629}.Release|Any CPU.Build.0 = Release|Any CPU
		{9B9E7279-2036-4C51-8C1D-BEA1B329E629}.Release|Mixed Platforms.ActiveCfg = Release|Any CPU
		{9B9E7279-2036-4C51-8C1D-BEA1B329E629}.Release|Mixed Platforms.Build.0 = Release|Any CPU
		{9B9E7279-2036-4C51-8C1D-BEA1B329E629}.Release|x86.ActiveCfg = Release|Any CPU
		{47D551DA-96ED-4EF6-96BF-4832059D4700}.Debug|Any CPU.ActiveCfg = Release|Any CPU
		{47D551DA-96ED-4EF6-96BF-4832059D4700}.Debug|Any CPU.Build.0 = Release|Any CPU
		{47D551DA-96ED-4EF6-96BF-4832059D4700}.Debug|Mixed Platforms.ActiveCfg = Release|Any CPU
		{47D551DA-96ED-4EF6-96BF-4832059D4700}.Debug|Mixed Platforms.Build.0 = Release|Any CPU
		{47D551DA-96ED-4EF6-96BF-4832059D4700}.Debug|x86.ActiveCfg = Debug|Any CPU
		{47D551DA-96ED-4EF6-96BF-4832059D4700}.Release|Any CPU.ActiveCfg = Release|Any CPU
		{47D551DA-96ED-4EF6-96BF-4832059D4700}.Release|Any CPU.Build.0 = Release|Any CPU
		{47D551DA-96ED-4EF6-96BF-4832059D4700}.Release|Mixed Platforms.ActiveCfg = Release|Any CPU
		{47D551DA-96ED-4EF6-96BF-4832059D4700}.Release|Mixed Platforms.Build.0 = Release|Any CPU
		{47D551DA-96ED-4EF6-96BF-4832059D4700}.Release|x86.ActiveCfg = Release|Any CPU
	EndGlobalSection
	GlobalSection(SolutionProperties) = preSolution
		HideSolutionNode = FALSE
	EndGlobalSection
	GlobalSection(TestCaseManagementSettings) = postSolution
		CategoryFile = IrcDotNet.vsmdi
	EndGlobalSection
	GlobalSection(TestCaseManagementSettings) = postSolution
		CategoryFile = IrcDotNet.vsmdi
	EndGlobalSection
EndGlobal
